
Microsoft Visual Studio Solution File, Format Version 12.00
# Visual Studio Version 17
VisualStudioVersion = 17.3.32929.385
MinimumVisualStudioVersion = 10.0.40219.1
Project("{FAE04EC0-301F-11D3-BF4B-00C04F79EFBC}") = "MultiLocations", "MultiLocations\MultiLocations.csproj", "{65AE5AFF-DFD9-40D6-9710-DD881864FABD}"
EndProject
Global
	GlobalSection(SolutionConfigurationPlatforms) = preSolution
		Debug|Any CPU = Debug|Any CPU
		Release|Any CPU = Release|Any CPU
	EndGlobalSection
	GlobalSection(ProjectConfigurationPlatforms) = postSolution
		{65AE5AFF-DFD9-40D6-9710-DD881864FABD}.Debug|Any CPU.ActiveCfg = Debug|Any CPU
		{65AE5AFF-DFD9-40D6-9710-DD881864FABD}.Debug|Any CPU.Build.0 = Debug|Any CPU
		{65AE5AFF-DFD9-40D6-9710-DD881864FABD}.Release|Any CPU.ActiveCfg = Release|Any CPU
		{65AE5AFF-DFD9-40D6-9710-DD881864FABD}.Release|Any CPU.Build.0 = Release|Any CPU
	EndGlobalSection
	GlobalSection(SolutionProperties) = preSolution
		HideSolutionNode = FALSE
	EndGlobalSection
	GlobalSection(ExtensibilityGlobals) = postSolution
		SolutionGuid = {F51AA047-5AD9-429B-81BA-2557AC661ED9}
	EndGlobalSection
EndGlobal
