
Microsoft Visual Studio Solution File, Format Version 12.00
# Visual Studio Version 17
VisualStudioVersion = 17.3.32929.385
MinimumVisualStudioVersion = 10.0.40219.1
Project("{FAE04EC0-301F-11D3-BF4B-00C04F79EFBC}") = "ProjetFinalGuichet", "ProjetFinalGuichet\ProjetFinalGuichet.csproj", "{C2465F8C-7FFA-46DB-BFF9-7F26CF4E376C}"
EndProject
Global
	GlobalSection(SolutionConfigurationPlatforms) = preSolution
		Debug|Any CPU = Debug|Any CPU
		Release|Any CPU = Release|Any CPU
	EndGlobalSection
	GlobalSection(ProjectConfigurationPlatforms) = postSolution
		{C2465F8C-7FFA-46DB-BFF9-7F26CF4E376C}.Debug|Any CPU.ActiveCfg = Debug|Any CPU
		{C2465F8C-7FFA-46DB-BFF9-7F26CF4E376C}.Debug|Any CPU.Build.0 = Debug|Any CPU
		{C2465F8C-7FFA-46DB-BFF9-7F26CF4E376C}.Release|Any CPU.ActiveCfg = Release|Any CPU
		{C2465F8C-7FFA-46DB-BFF9-7F26CF4E376C}.Release|Any CPU.Build.0 = Release|Any CPU
	EndGlobalSection
	GlobalSection(SolutionProperties) = preSolution
		HideSolutionNode = FALSE
	EndGlobalSection
	GlobalSection(ExtensibilityGlobals) = postSolution
		SolutionGuid = {CA324923-91E3-40D2-A374-DE5883B8F8AE}
	EndGlobalSection
EndGlobal
