
Microsoft Visual Studio Solution File, Format Version 12.00
# Visual Studio Version 17
VisualStudioVersion = 17.13.35828.75 d17.13
MinimumVisualStudioVersion = 10.0.40219.1
Project("{FAE04EC0-301F-11D3-BF4B-00C04F79EFBC}") = "BiblioPortCartier", "BiblioPortCartier.csproj", "{827386AD-7E6A-4259-B067-14D745FC977E}"
EndProject
Global
	GlobalSection(SolutionConfigurationPlatforms) = preSolution
		Debug|Any CPU = Debug|Any CPU
		Release|Any CPU = Release|Any CPU
	EndGlobalSection
	GlobalSection(ProjectConfigurationPlatforms) = postSolution
		{827386AD-7E6A-4259-B067-14D745FC977E}.Debug|Any CPU.ActiveCfg = Debug|Any CPU
		{827386AD-7E6A-4259-B067-14D745FC977E}.Debug|Any CPU.Build.0 = Debug|Any CPU
		{827386AD-7E6A-4259-B067-14D745FC977E}.Release|Any CPU.ActiveCfg = Release|Any CPU
		{827386AD-7E6A-4259-B067-14D745FC977E}.Release|Any CPU.Build.0 = Release|Any CPU
	EndGlobalSection
	GlobalSection(SolutionProperties) = preSolution
		HideSolutionNode = FALSE
	EndGlobalSection
	GlobalSection(ExtensibilityGlobals) = postSolution
		SolutionGuid = {EAA4E333-08A9-4EA6-9334-5403BA712C6C}
	EndGlobalSection
EndGlobal
